
Microsoft Visual Studio Solution File, Format Version 11.00
# Visual C# Express 2010
Project("{FAE04EC0-301F-11D3-BF4B-00C04F79EFBC}") = "YnscriptionEngine", "Ynscription Engine\YnscriptionEngine.csproj", "{70995368-330A-46C1-AE4B-35EE6CB93D62}"
EndProject
Global
	GlobalSection(SolutionConfigurationPlatforms) = preSolution
		Debug|x86 = Debug|x86
		Release|x86 = Release|x86
	EndGlobalSection
	GlobalSection(ProjectConfigurationPlatforms) = postSolution
		{70995368-330A-46C1-AE4B-35EE6CB93D62}.Debug|x86.ActiveCfg = Debug|x86
		{70995368-330A-46C1-AE4B-35EE6CB93D62}.Debug|x86.Build.0 = Debug|x86
		{70995368-330A-46C1-AE4B-35EE6CB93D62}.Release|x86.ActiveCfg = Release|x86
		{70995368-330A-46C1-AE4B-35EE6CB93D62}.Release|x86.Build.0 = Release|x86
	EndGlobalSection
	GlobalSection(SolutionProperties) = preSolution
		HideSolutionNode = FALSE
	EndGlobalSection
EndGlobal
